// !$*UTF8*$!
{
	archiveVersion = 1;
	classes = {
	};
	objectVersion = 55;
	objects = {

/* Begin PBXBuildFile section */
		88B8F9598314219613E3C250 /* Pods_GIPHY_API.framework in Frameworks */ = {isa = PBXBuildFile; fileRef = 8E857535584C21F27567205A /* Pods_GIPHY_API.framework */; };
		9C21E7022753389C00B6F066 /* Favorites.xcdatamodeld in Sources */ = {isa = PBXBuildFile; fileRef = 9C21E7002753389C00B6F066 /* Favorites.xcdatamodeld */; };
		9C21E70527533C5F00B6F066 /* DetailViewController.swift in Sources */ = {isa = PBXBuildFile; fileRef = 9C21E70427533C5F00B6F066 /* DetailViewController.swift */; };
		9C21E7072753402000B6F066 /* HorizontalStackView.swift in Sources */ = {isa = PBXBuildFile; fileRef = 9C21E7062753402000B6F066 /* HorizontalStackView.swift */; };
		9C21E7092753405100B6F066 /* VerticalStackView.swift in Sources */ = {isa = PBXBuildFile; fileRef = 9C21E7082753405100B6F066 /* VerticalStackView.swift */; };
		9C22FA7C27544BD60095CA3B /* SavedGif+CoreDataClass.swift in Sources */ = {isa = PBXBuildFile; fileRef = 9C22FA7B27544BD60095CA3B /* SavedGif+CoreDataClass.swift */; };
		9C22FA7D27544BD60095CA3B /* SavedGif+CoreDataProperties.swift in Sources */ = {isa = PBXBuildFile; fileRef = 9C22FA7A27544BD60095CA3B /* SavedGif+CoreDataProperties.swift */; };
		9C22FA7F27544C250095CA3B /* CoreDataManager.swift in Sources */ = {isa = PBXBuildFile; fileRef = 9C22FA7E27544C250095CA3B /* CoreDataManager.swift */; };
		9C8839ED2751B39C008F5FF1 /* SearchCollectionViewController.swift in Sources */ = {isa = PBXBuildFile; fileRef = 9C8839EC2751B39C008F5FF1 /* SearchCollectionViewController.swift */; };
		9C8839F12751BCD7008F5FF1 /* GifCollectionViewCell.swift in Sources */ = {isa = PBXBuildFile; fileRef = 9C8839F02751BCD7008F5FF1 /* GifCollectionViewCell.swift */; };
		9C8839F82751E207008F5FF1 /* APIHandler.swift in Sources */ = {isa = PBXBuildFile; fileRef = 9C8839F72751E207008F5FF1 /* APIHandler.swift */; };
		9C8839FB2751EB4B008F5FF1 /* UIView+ConstraintLayout.swift in Sources */ = {isa = PBXBuildFile; fileRef = 9C8839FA2751EB4B008F5FF1 /* UIView+ConstraintLayout.swift */; };
		9C883A002751F652008F5FF1 /* Gif.swift in Sources */ = {isa = PBXBuildFile; fileRef = 9C8839FF2751F652008F5FF1 /* Gif.swift */; };
		9CD1BD502751A0E2004B17AF /* AppDelegate.swift in Sources */ = {isa = PBXBuildFile; fileRef = 9CD1BD4F2751A0E2004B17AF /* AppDelegate.swift */; };
		9CD1BD522751A0E2004B17AF /* SceneDelegate.swift in Sources */ = {isa = PBXBuildFile; fileRef = 9CD1BD512751A0E2004B17AF /* SceneDelegate.swift */; };
		9CD1BD592751A0E4004B17AF /* Assets.xcassets in Resources */ = {isa = PBXBuildFile; fileRef = 9CD1BD582751A0E4004B17AF /* Assets.xcassets */; };
		9CD1BD5C2751A0E4004B17AF /* LaunchScreen.storyboard in Resources */ = {isa = PBXBuildFile; fileRef = 9CD1BD5A2751A0E4004B17AF /* LaunchScreen.storyboard */; };
		9CD599552752A8DC00578E9B /* UICollectionViewCustomLayout.swift in Sources */ = {isa = PBXBuildFile; fileRef = 9CD599542752A8DC00578E9B /* UICollectionViewCustomLayout.swift */; };
		9CD5997B2752C14800578E9B /* UIImage+GIFSupport.swift in Sources */ = {isa = PBXBuildFile; fileRef = 9CD5997A2752C14800578E9B /* UIImage+GIFSupport.swift */; };
/* End PBXBuildFile section */

/* Begin PBXFileReference section */
		1EE3993E462BDEE403A8CC6F /* Pods-GIPHY API.release.xcconfig */ = {isa = PBXFileReference; includeInIndex = 1; lastKnownFileType = text.xcconfig; name = "Pods-GIPHY API.release.xcconfig"; path = "Target Support Files/Pods-GIPHY API/Pods-GIPHY API.release.xcconfig"; sourceTree = "<group>"; };
		413526BFA424020B4A641B43 /* Pods-GIPHY API.debug.xcconfig */ = {isa = PBXFileReference; includeInIndex = 1; lastKnownFileType = text.xcconfig; name = "Pods-GIPHY API.debug.xcconfig"; path = "Target Support Files/Pods-GIPHY API/Pods-GIPHY API.debug.xcconfig"; sourceTree = "<group>"; };
		8E857535584C21F27567205A /* Pods_GIPHY_API.framework */ = {isa = PBXFileReference; explicitFileType = wrapper.framework; includeInIndex = 0; path = Pods_GIPHY_API.framework; sourceTree = BUILT_PRODUCTS_DIR; };
		9C21E7012753389C00B6F066 /* Favorite.xcdatamodel */ = {isa = PBXFileReference; lastKnownFileType = wrapper.xcdatamodel; path = Favorite.xcdatamodel; sourceTree = "<group>"; };
		9C21E70427533C5F00B6F066 /* DetailViewController.swift */ = {isa = PBXFileReference; lastKnownFileType = sourcecode.swift; path = DetailViewController.swift; sourceTree = "<group>"; };
		9C21E7062753402000B6F066 /* HorizontalStackView.swift */ = {isa = PBXFileReference; lastKnownFileType = sourcecode.swift; path = HorizontalStackView.swift; sourceTree = "<group>"; };
		9C21E7082753405100B6F066 /* VerticalStackView.swift */ = {isa = PBXFileReference; lastKnownFileType = sourcecode.swift; path = VerticalStackView.swift; sourceTree = "<group>"; };
		9C22FA7A27544BD60095CA3B /* SavedGif+CoreDataProperties.swift */ = {isa = PBXFileReference; lastKnownFileType = sourcecode.swift; name = "SavedGif+CoreDataProperties.swift"; path = "/Users/Ricky/Workspace/XcodeProjects/GIPHY API/GIPHY API/Model/SavedGif+CoreDataProperties.swift"; sourceTree = "<absolute>"; };
		9C22FA7B27544BD60095CA3B /* SavedGif+CoreDataClass.swift */ = {isa = PBXFileReference; lastKnownFileType = sourcecode.swift; name = "SavedGif+CoreDataClass.swift"; path = "/Users/Ricky/Workspace/XcodeProjects/GIPHY API/GIPHY API/Model/SavedGif+CoreDataClass.swift"; sourceTree = "<absolute>"; };
		9C22FA7E27544C250095CA3B /* CoreDataManager.swift */ = {isa = PBXFileReference; lastKnownFileType = sourcecode.swift; path = CoreDataManager.swift; sourceTree = "<group>"; };
		9C8839EC2751B39C008F5FF1 /* SearchCollectionViewController.swift */ = {isa = PBXFileReference; lastKnownFileType = sourcecode.swift; path = SearchCollectionViewController.swift; sourceTree = "<group>"; };
		9C8839F02751BCD7008F5FF1 /* GifCollectionViewCell.swift */ = {isa = PBXFileReference; lastKnownFileType = sourcecode.swift; path = GifCollectionViewCell.swift; sourceTree = "<group>"; };
		9C8839F72751E207008F5FF1 /* APIHandler.swift */ = {isa = PBXFileReference; lastKnownFileType = sourcecode.swift; path = APIHandler.swift; sourceTree = "<group>"; };
		9C8839FA2751EB4B008F5FF1 /* UIView+ConstraintLayout.swift */ = {isa = PBXFileReference; lastKnownFileType = sourcecode.swift; path = "UIView+ConstraintLayout.swift"; sourceTree = "<group>"; };
		9C8839FF2751F652008F5FF1 /* Gif.swift */ = {isa = PBXFileReference; lastKnownFileType = sourcecode.swift; path = Gif.swift; sourceTree = "<group>"; };
		9CD1BD4C2751A0E2004B17AF /* GIPHY API.app */ = {isa = PBXFileReference; explicitFileType = wrapper.application; includeInIndex = 0; path = "GIPHY API.app"; sourceTree = BUILT_PRODUCTS_DIR; };
		9CD1BD4F2751A0E2004B17AF /* AppDelegate.swift */ = {isa = PBXFileReference; lastKnownFileType = sourcecode.swift; path = AppDelegate.swift; sourceTree = "<group>"; };
		9CD1BD512751A0E2004B17AF /* SceneDelegate.swift */ = {isa = PBXFileReference; lastKnownFileType = sourcecode.swift; path = SceneDelegate.swift; sourceTree = "<group>"; };
		9CD1BD582751A0E4004B17AF /* Assets.xcassets */ = {isa = PBXFileReference; lastKnownFileType = folder.assetcatalog; path = Assets.xcassets; sourceTree = "<group>"; };
		9CD1BD5B2751A0E4004B17AF /* Base */ = {isa = PBXFileReference; lastKnownFileType = file.storyboard; name = Base; path = Base.lproj/LaunchScreen.storyboard; sourceTree = "<group>"; };
		9CD1BD5D2751A0E4004B17AF /* Info.plist */ = {isa = PBXFileReference; lastKnownFileType = text.plist.xml; path = Info.plist; sourceTree = "<group>"; };
		9CD599542752A8DC00578E9B /* UICollectionViewCustomLayout.swift */ = {isa = PBXFileReference; lastKnownFileType = sourcecode.swift; path = UICollectionViewCustomLayout.swift; sourceTree = "<group>"; };
		9CD5997A2752C14800578E9B /* UIImage+GIFSupport.swift */ = {isa = PBXFileReference; lastKnownFileType = sourcecode.swift; path = "UIImage+GIFSupport.swift"; sourceTree = "<group>"; };
/* End PBXFileReference section */

/* Begin PBXFrameworksBuildPhase section */
		9CD1BD492751A0E2004B17AF /* Frameworks */ = {
			isa = PBXFrameworksBuildPhase;
			buildActionMask = 2147483647;
			files = (
				88B8F9598314219613E3C250 /* Pods_GIPHY_API.framework in Frameworks */,
			);
			runOnlyForDeploymentPostprocessing = 0;
		};
/* End PBXFrameworksBuildPhase section */

/* Begin PBXGroup section */
		9C21E703275338E500B6F066 /* View */ = {
			isa = PBXGroup;
			children = (
				9C8839F02751BCD7008F5FF1 /* GifCollectionViewCell.swift */,
			);
			path = View;
			sourceTree = "<group>";
		};
		9C8839EA2751B093008F5FF1 /* Supporting Files */ = {
			isa = PBXGroup;
			children = (
				9CD1BD4F2751A0E2004B17AF /* AppDelegate.swift */,
				9CD1BD512751A0E2004B17AF /* SceneDelegate.swift */,
				9CD1BD582751A0E4004B17AF /* Assets.xcassets */,
				9CD1BD5A2751A0E4004B17AF /* LaunchScreen.storyboard */,
			);
			path = "Supporting Files";
			sourceTree = "<group>";
		};
		9C8839EB2751B376008F5FF1 /* Controller */ = {
			isa = PBXGroup;
			children = (
				9C21E70427533C5F00B6F066 /* DetailViewController.swift */,
				9C8839EC2751B39C008F5FF1 /* SearchCollectionViewController.swift */,
				9CD599542752A8DC00578E9B /* UICollectionViewCustomLayout.swift */,
			);
			path = Controller;
			sourceTree = "<group>";
		};
		9C8839F62751E1B9008F5FF1 /* Network */ = {
			isa = PBXGroup;
			children = (
				9C8839F72751E207008F5FF1 /* APIHandler.swift */,
			);
			path = Network;
			sourceTree = "<group>";
		};
		9C8839F92751EB42008F5FF1 /* Utils */ = {
			isa = PBXGroup;
			children = (
				9CD5997A2752C14800578E9B /* UIImage+GIFSupport.swift */,
				9C8839FA2751EB4B008F5FF1 /* UIView+ConstraintLayout.swift */,
				9C21E7062753402000B6F066 /* HorizontalStackView.swift */,
				9C21E7082753405100B6F066 /* VerticalStackView.swift */,
			);
			path = Utils;
			sourceTree = "<group>";
		};
		9C8839FE2751F620008F5FF1 /* Model */ = {
			isa = PBXGroup;
			children = (
				9C22FA7E27544C250095CA3B /* CoreDataManager.swift */,
				9C8839FF2751F652008F5FF1 /* Gif.swift */,
				9C22FA7B27544BD60095CA3B /* SavedGif+CoreDataClass.swift */,
				9C22FA7A27544BD60095CA3B /* SavedGif+CoreDataProperties.swift */,
				9C21E7002753389C00B6F066 /* Favorites.xcdatamodeld */,
			);
			path = Model;
			sourceTree = "<group>";
		};
		9CD1BD432751A0E2004B17AF = {
			isa = PBXGroup;
			children = (
				9CD1BD4E2751A0E2004B17AF /* GIPHY API */,
				9CD1BD4D2751A0E2004B17AF /* Products */,
				AF41EEC2B5293DCC966E393D /* Pods */,
				A71E0057DB12DB58FF378D09 /* Frameworks */,
			);
			sourceTree = "<group>";
		};
		9CD1BD4D2751A0E2004B17AF /* Products */ = {
			isa = PBXGroup;
			children = (
				9CD1BD4C2751A0E2004B17AF /* GIPHY API.app */,
			);
			name = Products;
			sourceTree = "<group>";
		};
		9CD1BD4E2751A0E2004B17AF /* GIPHY API */ = {
			isa = PBXGroup;
			children = (
				9CD1BD5D2751A0E4004B17AF /* Info.plist */,
				9C8839EB2751B376008F5FF1 /* Controller */,
				9C8839FE2751F620008F5FF1 /* Model */,
				9C8839F62751E1B9008F5FF1 /* Network */,
				9C8839EA2751B093008F5FF1 /* Supporting Files */,
				9C8839F92751EB42008F5FF1 /* Utils */,
				9C21E703275338E500B6F066 /* View */,
			);
			path = "GIPHY API";
			sourceTree = "<group>";
		};
		A71E0057DB12DB58FF378D09 /* Frameworks */ = {
			isa = PBXGroup;
			children = (
				8E857535584C21F27567205A /* Pods_GIPHY_API.framework */,
			);
			name = Frameworks;
			sourceTree = "<group>";
		};
		AF41EEC2B5293DCC966E393D /* Pods */ = {
			isa = PBXGroup;
			children = (
				413526BFA424020B4A641B43 /* Pods-GIPHY API.debug.xcconfig */,
				1EE3993E462BDEE403A8CC6F /* Pods-GIPHY API.release.xcconfig */,
			);
			path = Pods;
			sourceTree = "<group>";
		};
/* End PBXGroup section */

/* Begin PBXNativeTarget section */
		9CD1BD4B2751A0E2004B17AF /* GIPHY API */ = {
			isa = PBXNativeTarget;
			buildConfigurationList = 9CD1BD602751A0E4004B17AF /* Build configuration list for PBXNativeTarget "GIPHY API" */;
			buildPhases = (
				6A2EC078506DEEBD1F0EE933 /* [CP] Check Pods Manifest.lock */,
				9CD1BD482751A0E2004B17AF /* Sources */,
				9CD1BD492751A0E2004B17AF /* Frameworks */,
				9CD1BD4A2751A0E2004B17AF /* Resources */,
				6664A50D8AAB5200F51C89B2 /* [CP] Embed Pods Frameworks */,
			);
			buildRules = (
			);
			dependencies = (
			);
			name = "GIPHY API";
			productName = "GIPHY API";
			productReference = 9CD1BD4C2751A0E2004B17AF /* GIPHY API.app */;
			productType = "com.apple.product-type.application";
		};
/* End PBXNativeTarget section */

/* Begin PBXProject section */
		9CD1BD442751A0E2004B17AF /* Project object */ = {
			isa = PBXProject;
			attributes = {
				BuildIndependentTargetsInParallel = 1;
				LastSwiftUpdateCheck = 1310;
				LastUpgradeCheck = 1310;
				TargetAttributes = {
					9CD1BD4B2751A0E2004B17AF = {
						CreatedOnToolsVersion = 13.1;
					};
				};
			};
			buildConfigurationList = 9CD1BD472751A0E2004B17AF /* Build configuration list for PBXProject "GIPHY API" */;
			compatibilityVersion = "Xcode 13.0";
			developmentRegion = en;
			hasScannedForEncodings = 0;
			knownRegions = (
				en,
				Base,
			);
			mainGroup = 9CD1BD432751A0E2004B17AF;
			productRefGroup = 9CD1BD4D2751A0E2004B17AF /* Products */;
			projectDirPath = "";
			projectRoot = "";
			targets = (
				9CD1BD4B2751A0E2004B17AF /* GIPHY API */,
			);
		};
/* End PBXProject section */

/* Begin PBXResourcesBuildPhase section */
		9CD1BD4A2751A0E2004B17AF /* Resources */ = {
			isa = PBXResourcesBuildPhase;
			buildActionMask = 2147483647;
			files = (
				9CD1BD5C2751A0E4004B17AF /* LaunchScreen.storyboard in Resources */,
				9CD1BD592751A0E4004B17AF /* Assets.xcassets in Resources */,
			);
			runOnlyForDeploymentPostprocessing = 0;
		};
/* End PBXResourcesBuildPhase section */

/* Begin PBXShellScriptBuildPhase section */
		6664A50D8AAB5200F51C89B2 /* [CP] Embed Pods Frameworks */ = {
			isa = PBXShellScriptBuildPhase;
			buildActionMask = 2147483647;
			files = (
			);
			inputFileListPaths = (
				"${PODS_ROOT}/Target Support Files/Pods-GIPHY API/Pods-GIPHY API-frameworks-${CONFIGURATION}-input-files.xcfilelist",
			);
			name = "[CP] Embed Pods Frameworks";
			outputFileListPaths = (
				"${PODS_ROOT}/Target Support Files/Pods-GIPHY API/Pods-GIPHY API-frameworks-${CONFIGURATION}-output-files.xcfilelist",
			);
			runOnlyForDeploymentPostprocessing = 0;
			shellPath = /bin/sh;
			shellScript = "\"${PODS_ROOT}/Target Support Files/Pods-GIPHY API/Pods-GIPHY API-frameworks.sh\"\n";
			showEnvVarsInLog = 0;
		};
		6A2EC078506DEEBD1F0EE933 /* [CP] Check Pods Manifest.lock */ = {
			isa = PBXShellScriptBuildPhase;
			buildActionMask = 2147483647;
			files = (
			);
			inputFileListPaths = (
			);
			inputPaths = (
				"${PODS_PODFILE_DIR_PATH}/Podfile.lock",
				"${PODS_ROOT}/Manifest.lock",
			);
			name = "[CP] Check Pods Manifest.lock";
			outputFileListPaths = (
			);
			outputPaths = (
				"$(DERIVED_FILE_DIR)/Pods-GIPHY API-checkManifestLockResult.txt",
			);
			runOnlyForDeploymentPostprocessing = 0;
			shellPath = /bin/sh;
			shellScript = "diff \"${PODS_PODFILE_DIR_PATH}/Podfile.lock\" \"${PODS_ROOT}/Manifest.lock\" > /dev/null\nif [ $? != 0 ] ; then\n    # print error to STDERR\n    echo \"error: The sandbox is not in sync with the Podfile.lock. Run 'pod install' or update your CocoaPods installation.\" >&2\n    exit 1\nfi\n# This output is used by Xcode 'outputs' to avoid re-running this script phase.\necho \"SUCCESS\" > \"${SCRIPT_OUTPUT_FILE_0}\"\n";
			showEnvVarsInLog = 0;
		};
/* End PBXShellScriptBuildPhase section */

/* Begin PBXSourcesBuildPhase section */
		9CD1BD482751A0E2004B17AF /* Sources */ = {
			isa = PBXSourcesBuildPhase;
			buildActionMask = 2147483647;
			files = (
				9C21E70527533C5F00B6F066 /* DetailViewController.swift in Sources */,
				9C8839ED2751B39C008F5FF1 /* SearchCollectionViewController.swift in Sources */,
				9C8839FB2751EB4B008F5FF1 /* UIView+ConstraintLayout.swift in Sources */,
				9C21E7072753402000B6F066 /* HorizontalStackView.swift in Sources */,
				9C883A002751F652008F5FF1 /* Gif.swift in Sources */,
				9C21E7022753389C00B6F066 /* Favorites.xcdatamodeld in Sources */,
				9C22FA7D27544BD60095CA3B /* SavedGif+CoreDataProperties.swift in Sources */,
				9C8839F82751E207008F5FF1 /* APIHandler.swift in Sources */,
				9CD5997B2752C14800578E9B /* UIImage+GIFSupport.swift in Sources */,
				9CD1BD502751A0E2004B17AF /* AppDelegate.swift in Sources */,
				9CD1BD522751A0E2004B17AF /* SceneDelegate.swift in Sources */,
				9C21E7092753405100B6F066 /* VerticalStackView.swift in Sources */,
				9C8839F12751BCD7008F5FF1 /* GifCollectionViewCell.swift in Sources */,
				9C22FA7C27544BD60095CA3B /* SavedGif+CoreDataClass.swift in Sources */,
				9C22FA7F27544C250095CA3B /* CoreDataManager.swift in Sources */,
				9CD599552752A8DC00578E9B /* UICollectionViewCustomLayout.swift in Sources */,
			);
			runOnlyForDeploymentPostprocessing = 0;
		};
/* End PBXSourcesBuildPhase section */

/* Begin PBXVariantGroup section */
		9CD1BD5A2751A0E4004B17AF /* LaunchScreen.storyboard */ = {
			isa = PBXVariantGroup;
			children = (
				9CD1BD5B2751A0E4004B17AF /* Base */,
			);
			name = LaunchScreen.storyboard;
			sourceTree = "<group>";
		};
/* End PBXVariantGroup section */

/* Begin XCBuildConfiguration section */
		9CD1BD5E2751A0E4004B17AF /* Debug */ = {
			isa = XCBuildConfiguration;
			buildSettings = {
				ALWAYS_SEARCH_USER_PATHS = NO;
				CLANG_ANALYZER_NONNULL = YES;
				CLANG_ANALYZER_NUMBER_OBJECT_CONVERSION = YES_AGGRESSIVE;
				CLANG_CXX_LANGUAGE_STANDARD = "gnu++17";
				CLANG_CXX_LIBRARY = "libc++";
				CLANG_ENABLE_MODULES = YES;
				CLANG_ENABLE_OBJC_ARC = YES;
				CLANG_ENABLE_OBJC_WEAK = YES;
				CLANG_WARN_BLOCK_CAPTURE_AUTORELEASING = YES;
				CLANG_WARN_BOOL_CONVERSION = YES;
				CLANG_WARN_COMMA = YES;
				CLANG_WARN_CONSTANT_CONVERSION = YES;
				CLANG_WARN_DEPRECATED_OBJC_IMPLEMENTATIONS = YES;
				CLANG_WARN_DIRECT_OBJC_ISA_USAGE = YES_ERROR;
				CLANG_WARN_DOCUMENTATION_COMMENTS = YES;
				CLANG_WARN_EMPTY_BODY = YES;
				CLANG_WARN_ENUM_CONVERSION = YES;
				CLANG_WARN_INFINITE_RECURSION = YES;
				CLANG_WARN_INT_CONVERSION = YES;
				CLANG_WARN_NON_LITERAL_NULL_CONVERSION = YES;
				CLANG_WARN_OBJC_IMPLICIT_RETAIN_SELF = YES;
				CLANG_WARN_OBJC_LITERAL_CONVERSION = YES;
				CLANG_WARN_OBJC_ROOT_CLASS = YES_ERROR;
				CLANG_WARN_QUOTED_INCLUDE_IN_FRAMEWORK_HEADER = YES;
				CLANG_WARN_RANGE_LOOP_ANALYSIS = YES;
				CLANG_WARN_STRICT_PROTOTYPES = YES;
				CLANG_WARN_SUSPICIOUS_MOVE = YES;
				CLANG_WARN_UNGUARDED_AVAILABILITY = YES_AGGRESSIVE;
				CLANG_WARN_UNREACHABLE_CODE = YES;
				CLANG_WARN__DUPLICATE_METHOD_MATCH = YES;
				COPY_PHASE_STRIP = NO;
				DEBUG_INFORMATION_FORMAT = dwarf;
				ENABLE_STRICT_OBJC_MSGSEND = YES;
				ENABLE_TESTABILITY = YES;
				GCC_C_LANGUAGE_STANDARD = gnu11;
				GCC_DYNAMIC_NO_PIC = NO;
				GCC_NO_COMMON_BLOCKS = YES;
				GCC_OPTIMIZATION_LEVEL = 0;
				GCC_PREPROCESSOR_DEFINITIONS = (
					"DEBUG=1",
					"$(inherited)",
				);
				GCC_WARN_64_TO_32_BIT_CONVERSION = YES;
				GCC_WARN_ABOUT_RETURN_TYPE = YES_ERROR;
				GCC_WARN_UNDECLARED_SELECTOR = YES;
				GCC_WARN_UNINITIALIZED_AUTOS = YES_AGGRESSIVE;
				GCC_WARN_UNUSED_FUNCTION = YES;
				GCC_WARN_UNUSED_VARIABLE = YES;
				IPHONEOS_DEPLOYMENT_TARGET = 13.0;
				MTL_ENABLE_DEBUG_INFO = INCLUDE_SOURCE;
				MTL_FAST_MATH = YES;
				ONLY_ACTIVE_ARCH = YES;
				SDKROOT = iphoneos;
				SWIFT_ACTIVE_COMPILATION_CONDITIONS = DEBUG;
				SWIFT_OPTIMIZATION_LEVEL = "-Onone";
			};
			name = Debug;
		};
		9CD1BD5F2751A0E4004B17AF /* Release */ = {
			isa = XCBuildConfiguration;
			buildSettings = {
				ALWAYS_SEARCH_USER_PATHS = NO;
				CLANG_ANALYZER_NONNULL = YES;
				CLANG_ANALYZER_NUMBER_OBJECT_CONVERSION = YES_AGGRESSIVE;
				CLANG_CXX_LANGUAGE_STANDARD = "gnu++17";
				CLANG_CXX_LIBRARY = "libc++";
				CLANG_ENABLE_MODULES = YES;
				CLANG_ENABLE_OBJC_ARC = YES;
				CLANG_ENABLE_OBJC_WEAK = YES;
				CLANG_WARN_BLOCK_CAPTURE_AUTORELEASING = YES;
				CLANG_WARN_BOOL_CONVERSION = YES;
				CLANG_WARN_COMMA = YES;
				CLANG_WARN_CONSTANT_CONVERSION = YES;
				CLANG_WARN_DEPRECATED_OBJC_IMPLEMENTATIONS = YES;
				CLANG_WARN_DIRECT_OBJC_ISA_USAGE = YES_ERROR;
				CLANG_WARN_DOCUMENTATION_COMMENTS = YES;
				CLANG_WARN_EMPTY_BODY = YES;
				CLANG_WARN_ENUM_CONVERSION = YES;
				CLANG_WARN_INFINITE_RECURSION = YES;
				CLANG_WARN_INT_CONVERSION = YES;
				CLANG_WARN_NON_LITERAL_NULL_CONVERSION = YES;
				CLANG_WARN_OBJC_IMPLICIT_RETAIN_SELF = YES;
				CLANG_WARN_OBJC_LITERAL_CONVERSION = YES;
				CLANG_WARN_OBJC_ROOT_CLASS = YES_ERROR;
				CLANG_WARN_QUOTED_INCLUDE_IN_FRAMEWORK_HEADER = YES;
				CLANG_WARN_RANGE_LOOP_ANALYSIS = YES;
				CLANG_WARN_STRICT_PROTOTYPES = YES;
				CLANG_WARN_SUSPICIOUS_MOVE = YES;
				CLANG_WARN_UNGUARDED_AVAILABILITY = YES_AGGRESSIVE;
				CLANG_WARN_UNREACHABLE_CODE = YES;
				CLANG_WARN__DUPLICATE_METHOD_MATCH = YES;
				COPY_PHASE_STRIP = NO;
				DEBUG_INFORMATION_FORMAT = "dwarf-with-dsym";
				ENABLE_NS_ASSERTIONS = NO;
				ENABLE_STRICT_OBJC_MSGSEND = YES;
				GCC_C_LANGUAGE_STANDARD = gnu11;
				GCC_NO_COMMON_BLOCKS = YES;
				GCC_WARN_64_TO_32_BIT_CONVERSION = YES;
				GCC_WARN_ABOUT_RETURN_TYPE = YES_ERROR;
				GCC_WARN_UNDECLARED_SELECTOR = YES;
				GCC_WARN_UNINITIALIZED_AUTOS = YES_AGGRESSIVE;
				GCC_WARN_UNUSED_FUNCTION = YES;
				GCC_WARN_UNUSED_VARIABLE = YES;
				IPHONEOS_DEPLOYMENT_TARGET = 13.0;
				MTL_ENABLE_DEBUG_INFO = NO;
				MTL_FAST_MATH = YES;
				SDKROOT = iphoneos;
				SWIFT_COMPILATION_MODE = wholemodule;
				SWIFT_OPTIMIZATION_LEVEL = "-O";
				VALIDATE_PRODUCT = YES;
			};
			name = Release;
		};
		9CD1BD612751A0E4004B17AF /* Debug */ = {
			isa = XCBuildConfiguration;
			baseConfigurationReference = 413526BFA424020B4A641B43 /* Pods-GIPHY API.debug.xcconfig */;
			buildSettings = {
				ASSETCATALOG_COMPILER_APPICON_NAME = AppIcon;
				ASSETCATALOG_COMPILER_GLOBAL_ACCENT_COLOR_NAME = AccentColor;
				CODE_SIGN_STYLE = Automatic;
				CURRENT_PROJECT_VERSION = 1;
				DEVELOPMENT_TEAM = JZRKW6S835;
				GENERATE_INFOPLIST_FILE = YES;
				INFOPLIST_FILE = "GIPHY API/Info.plist";
				INFOPLIST_KEY_UIApplicationSupportsIndirectInputEvents = YES;
				INFOPLIST_KEY_UILaunchStoryboardName = LaunchScreen;
				INFOPLIST_KEY_UISupportedInterfaceOrientations_iPad = "UIInterfaceOrientationPortrait UIInterfaceOrientationPortraitUpsideDown UIInterfaceOrientationLandscapeLeft UIInterfaceOrientationLandscapeRight";
				INFOPLIST_KEY_UISupportedInterfaceOrientations_iPhone = "UIInterfaceOrientationPortrait UIInterfaceOrientationLandscapeLeft UIInterfaceOrientationLandscapeRight";
				IPHONEOS_DEPLOYMENT_TARGET = 13.0;
				LD_RUNPATH_SEARCH_PATHS = (
					"$(inherited)",
					"@executable_path/Frameworks",
				);
				MARKETING_VERSION = 1.0;
				PRODUCT_BUNDLE_IDENTIFIER = "com.example.GIPHY-API";
				PRODUCT_NAME = "$(TARGET_NAME)";
				SWIFT_EMIT_LOC_STRINGS = YES;
				SWIFT_VERSION = 5.0;
				TARGETED_DEVICE_FAMILY = 1;
			};
			name = Debug;
		};
		9CD1BD622751A0E4004B17AF /* Release */ = {
			isa = XCBuildConfiguration;
			baseConfigurationReference = 1EE3993E462BDEE403A8CC6F /* Pods-GIPHY API.release.xcconfig */;
			buildSettings = {
				ASSETCATALOG_COMPILER_APPICON_NAME = AppIcon;
				ASSETCATALOG_COMPILER_GLOBAL_ACCENT_COLOR_NAME = AccentColor;
				CODE_SIGN_STYLE = Automatic;
				CURRENT_PROJECT_VERSION = 1;
				DEVELOPMENT_TEAM = JZRKW6S835;
				GENERATE_INFOPLIST_FILE = YES;
				INFOPLIST_FILE = "GIPHY API/Info.plist";
				INFOPLIST_KEY_UIApplicationSupportsIndirectInputEvents = YES;
				INFOPLIST_KEY_UILaunchStoryboardName = LaunchScreen;
				INFOPLIST_KEY_UISupportedInterfaceOrientations_iPad = "UIInterfaceOrientationPortrait UIInterfaceOrientationPortraitUpsideDown UIInterfaceOrientationLandscapeLeft UIInterfaceOrientationLandscapeRight";
				INFOPLIST_KEY_UISupportedInterfaceOrientations_iPhone = "UIInterfaceOrientationPortrait UIInterfaceOrientationLandscapeLeft UIInterfaceOrientationLandscapeRight";
				IPHONEOS_DEPLOYMENT_TARGET = 13.0;
				LD_RUNPATH_SEARCH_PATHS = (
					"$(inherited)",
					"@executable_path/Frameworks",
				);
				MARKETING_VERSION = 1.0;
				PRODUCT_BUNDLE_IDENTIFIER = "com.example.GIPHY-API";
				PRODUCT_NAME = "$(TARGET_NAME)";
				SWIFT_EMIT_LOC_STRINGS = YES;
				SWIFT_VERSION = 5.0;
				TARGETED_DEVICE_FAMILY = 1;
			};
			name = Release;
		};
/* End XCBuildConfiguration section */

/* Begin XCConfigurationList section */
		9CD1BD472751A0E2004B17AF /* Build configuration list for PBXProject "GIPHY API" */ = {
			isa = XCConfigurationList;
			buildConfigurations = (
				9CD1BD5E2751A0E4004B17AF /* Debug */,
				9CD1BD5F2751A0E4004B17AF /* Release */,
			);
			defaultConfigurationIsVisible = 0;
			defaultConfigurationName = Release;
		};
		9CD1BD602751A0E4004B17AF /* Build configuration list for PBXNativeTarget "GIPHY API" */ = {
			isa = XCConfigurationList;
			buildConfigurations = (
				9CD1BD612751A0E4004B17AF /* Debug */,
				9CD1BD622751A0E4004B17AF /* Release */,
			);
			defaultConfigurationIsVisible = 0;
			defaultConfigurationName = Release;
		};
/* End XCConfigurationList section */

/* Begin XCVersionGroup section */
		9C21E7002753389C00B6F066 /* Favorites.xcdatamodeld */ = {
			isa = XCVersionGroup;
			children = (
				9C21E7012753389C00B6F066 /* Favorite.xcdatamodel */,
			);
			currentVersion = 9C21E7012753389C00B6F066 /* Favorite.xcdatamodel */;
			path = Favorites.xcdatamodeld;
			sourceTree = "<group>";
			versionGroupType = wrapper.xcdatamodel;
		};
/* End XCVersionGroup section */
	};
	rootObject = 9CD1BD442751A0E2004B17AF /* Project object */;
}
